// !$*UTF8*$!
{
	archiveVersion = 1;
	classes = {
	};
	objectVersion = 46;
	objects = {

/* Begin PBXBuildFile section */
		7954387E1A90395700255A7F /* ShowAvailRoomTableViewCell.m in Sources */ = {isa = PBXBuildFile; fileRef = 7954387D1A90395700255A7F /* ShowAvailRoomTableViewCell.m */; };
		79CEEFD61A8928E600E5902A /* main.m in Sources */ = {isa = PBXBuildFile; fileRef = 79CEEFD51A8928E600E5902A /* main.m */; };
		79CEEFD91A8928E600E5902A /* AppDelegate.m in Sources */ = {isa = PBXBuildFile; fileRef = 79CEEFD81A8928E600E5902A /* AppDelegate.m */; };
		79CEEFDC1A8928E600E5902A /* HotelCoreData.xcdatamodeld in Sources */ = {isa = PBXBuildFile; fileRef = 79CEEFDA1A8928E600E5902A /* HotelCoreData.xcdatamodeld */; };
		79CEEFE21A8928E600E5902A /* Main.storyboard in Resources */ = {isa = PBXBuildFile; fileRef = 79CEEFE01A8928E600E5902A /* Main.storyboard */; };
		79CEEFE41A8928E600E5902A /* Images.xcassets in Resources */ = {isa = PBXBuildFile; fileRef = 79CEEFE31A8928E600E5902A /* Images.xcassets */; };
		79CEEFE71A8928E600E5902A /* LaunchScreen.xib in Resources */ = {isa = PBXBuildFile; fileRef = 79CEEFE51A8928E600E5902A /* LaunchScreen.xib */; };
		79CEEFF31A8928E600E5902A /* HotelCoreDataTests.m in Sources */ = {isa = PBXBuildFile; fileRef = 79CEEFF21A8928E600E5902A /* HotelCoreDataTests.m */; };
		79CEF00D1A8958EC00E5902A /* HotelListViewController.m in Sources */ = {isa = PBXBuildFile; fileRef = 79CEF00C1A8958EC00E5902A /* HotelListViewController.m */; };
		79CEF0101A89712C00E5902A /* HotelTableViewCell.m in Sources */ = {isa = PBXBuildFile; fileRef = 79CEF00F1A89712C00E5902A /* HotelTableViewCell.m */; };
		79CEF0141A8978A700E5902A /* seed.json in Resources */ = {isa = PBXBuildFile; fileRef = 79CEF0131A8978A700E5902A /* seed.json */; };
		79CEF0171A897CFE00E5902A /* RoomsViewController.m in Sources */ = {isa = PBXBuildFile; fileRef = 79CEF0161A897CFE00E5902A /* RoomsViewController.m */; };
		79CEF01A1A897D9600E5902A /* RoomTableViewCell.m in Sources */ = {isa = PBXBuildFile; fileRef = 79CEF0191A897D9600E5902A /* RoomTableViewCell.m */; };
		79CEF0291A8ABBAF00E5902A /* AddReservationViewController.m in Sources */ = {isa = PBXBuildFile; fileRef = 79CEF0281A8ABBAF00E5902A /* AddReservationViewController.m */; };
		79CEF02C1A8AE4BA00E5902A /* FindAvailabilityViewController.m in Sources */ = {isa = PBXBuildFile; fileRef = 79CEF02B1A8AE4BA00E5902A /* FindAvailabilityViewController.m */; };
		79CEF02F1A8C0DD600E5902A /* Room.m in Sources */ = {isa = PBXBuildFile; fileRef = 79CEF02E1A8C0DD600E5902A /* Room.m */; };
		79CEF0321A8C0DD600E5902A /* Hotel.m in Sources */ = {isa = PBXBuildFile; fileRef = 79CEF0311A8C0DD600E5902A /* Hotel.m */; };
		79CEF0351A8C0DD600E5902A /* Reservation.m in Sources */ = {isa = PBXBuildFile; fileRef = 79CEF0341A8C0DD600E5902A /* Reservation.m */; };
		79CEF0381A8C0DD600E5902A /* Guest.m in Sources */ = {isa = PBXBuildFile; fileRef = 79CEF0371A8C0DD600E5902A /* Guest.m */; };
		79CEF03B1A8C1C4600E5902A /* ReservationListViewController.m in Sources */ = {isa = PBXBuildFile; fileRef = 79CEF03A1A8C1C4600E5902A /* ReservationListViewController.m */; };
		79CEF03E1A8C1D7400E5902A /* HotelService.m in Sources */ = {isa = PBXBuildFile; fileRef = 79CEF03D1A8C1D7400E5902A /* HotelService.m */; };
		79CEF0441A8C2B4100E5902A /* CoreDataStack.m in Sources */ = {isa = PBXBuildFile; fileRef = 79CEF0431A8C2B4100E5902A /* CoreDataStack.m */; };
		79DE0E461A8D615400D60002 /* Bucket.m in Sources */ = {isa = PBXBuildFile; fileRef = 79DE0E451A8D615400D60002 /* Bucket.m */; };
		79DE0E491A8D62ED00D60002 /* HashTable.m in Sources */ = {isa = PBXBuildFile; fileRef = 79DE0E481A8D62ED00D60002 /* HashTable.m */; };
		79DE0E4B1A8DCD2D00D60002 /* HotelServiceTests.m in Sources */ = {isa = PBXBuildFile; fileRef = 79DE0E4A1A8DCD2D00D60002 /* HotelServiceTests.m */; };
		79DE0E4E1A901C3700D60002 /* ShowAvailabilityViewController.m in Sources */ = {isa = PBXBuildFile; fileRef = 79DE0E4D1A901C3700D60002 /* ShowAvailabilityViewController.m */; };
/* End PBXBuildFile section */

/* Begin PBXContainerItemProxy section */
		79CEEFED1A8928E600E5902A /* PBXContainerItemProxy */ = {
			isa = PBXContainerItemProxy;
			containerPortal = 79CEEFC81A8928E600E5902A /* Project object */;
			proxyType = 1;
			remoteGlobalIDString = 79CEEFCF1A8928E600E5902A;
			remoteInfo = HotelCoreData;
		};
/* End PBXContainerItemProxy section */

/* Begin PBXFileReference section */
		7954387C1A90395700255A7F /* ShowAvailRoomTableViewCell.h */ = {isa = PBXFileReference; fileEncoding = 4; lastKnownFileType = sourcecode.c.h; path = ShowAvailRoomTableViewCell.h; sourceTree = "<group>"; };
		7954387D1A90395700255A7F /* ShowAvailRoomTableViewCell.m */ = {isa = PBXFileReference; fileEncoding = 4; lastKnownFileType = sourcecode.c.objc; path = ShowAvailRoomTableViewCell.m; sourceTree = "<group>"; };
		79CEEFD01A8928E600E5902A /* HotelCoreData.app */ = {isa = PBXFileReference; explicitFileType = wrapper.application; includeInIndex = 0; path = HotelCoreData.app; sourceTree = BUILT_PRODUCTS_DIR; };
		79CEEFD41A8928E600E5902A /* Info.plist */ = {isa = PBXFileReference; lastKnownFileType = text.plist.xml; path = Info.plist; sourceTree = "<group>"; };
		79CEEFD51A8928E600E5902A /* main.m */ = {isa = PBXFileReference; lastKnownFileType = sourcecode.c.objc; path = main.m; sourceTree = "<group>"; };
		79CEEFD71A8928E600E5902A /* AppDelegate.h */ = {isa = PBXFileReference; lastKnownFileType = sourcecode.c.h; path = AppDelegate.h; sourceTree = "<group>"; };
		79CEEFD81A8928E600E5902A /* AppDelegate.m */ = {isa = PBXFileReference; lastKnownFileType = sourcecode.c.objc; path = AppDelegate.m; sourceTree = "<group>"; };
		79CEEFDB1A8928E600E5902A /* HotelCoreData.xcdatamodel */ = {isa = PBXFileReference; lastKnownFileType = wrapper.xcdatamodel; path = HotelCoreData.xcdatamodel; sourceTree = "<group>"; };
		79CEEFE11A8928E600E5902A /* Base */ = {isa = PBXFileReference; lastKnownFileType = file.storyboard; name = Base; path = Base.lproj/Main.storyboard; sourceTree = "<group>"; };
		79CEEFE31A8928E600E5902A /* Images.xcassets */ = {isa = PBXFileReference; lastKnownFileType = folder.assetcatalog; path = Images.xcassets; sourceTree = "<group>"; };
		79CEEFE61A8928E600E5902A /* Base */ = {isa = PBXFileReference; lastKnownFileType = file.xib; name = Base; path = Base.lproj/LaunchScreen.xib; sourceTree = "<group>"; };
		79CEEFEC1A8928E600E5902A /* HotelCoreDataTests.xctest */ = {isa = PBXFileReference; explicitFileType = wrapper.cfbundle; includeInIndex = 0; path = HotelCoreDataTests.xctest; sourceTree = BUILT_PRODUCTS_DIR; };
		79CEEFF11A8928E600E5902A /* Info.plist */ = {isa = PBXFileReference; lastKnownFileType = text.plist.xml; path = Info.plist; sourceTree = "<group>"; };
		79CEEFF21A8928E600E5902A /* HotelCoreDataTests.m */ = {isa = PBXFileReference; lastKnownFileType = sourcecode.c.objc; path = HotelCoreDataTests.m; sourceTree = "<group>"; };
		79CEF00B1A8958EC00E5902A /* HotelListViewController.h */ = {isa = PBXFileReference; fileEncoding = 4; lastKnownFileType = sourcecode.c.h; path = HotelListViewController.h; sourceTree = "<group>"; };
		79CEF00C1A8958EC00E5902A /* HotelListViewController.m */ = {isa = PBXFileReference; fileEncoding = 4; lastKnownFileType = sourcecode.c.objc; path = HotelListViewController.m; sourceTree = "<group>"; };
		79CEF00E1A89712C00E5902A /* HotelTableViewCell.h */ = {isa = PBXFileReference; fileEncoding = 4; lastKnownFileType = sourcecode.c.h; path = HotelTableViewCell.h; sourceTree = "<group>"; };
		79CEF00F1A89712C00E5902A /* HotelTableViewCell.m */ = {isa = PBXFileReference; fileEncoding = 4; lastKnownFileType = sourcecode.c.objc; path = HotelTableViewCell.m; sourceTree = "<group>"; };
		79CEF0131A8978A700E5902A /* seed.json */ = {isa = PBXFileReference; fileEncoding = 4; lastKnownFileType = text.json; path = seed.json; sourceTree = "<group>"; };
		79CEF0151A897CFE00E5902A /* RoomsViewController.h */ = {isa = PBXFileReference; fileEncoding = 4; lastKnownFileType = sourcecode.c.h; path = RoomsViewController.h; sourceTree = "<group>"; };
		79CEF0161A897CFE00E5902A /* RoomsViewController.m */ = {isa = PBXFileReference; fileEncoding = 4; lastKnownFileType = sourcecode.c.objc; path = RoomsViewController.m; sourceTree = "<group>"; };
		79CEF0181A897D9600E5902A /* RoomTableViewCell.h */ = {isa = PBXFileReference; fileEncoding = 4; lastKnownFileType = sourcecode.c.h; path = RoomTableViewCell.h; sourceTree = "<group>"; };
		79CEF0191A897D9600E5902A /* RoomTableViewCell.m */ = {isa = PBXFileReference; fileEncoding = 4; lastKnownFileType = sourcecode.c.objc; path = RoomTableViewCell.m; sourceTree = "<group>"; };
		79CEF0271A8ABBAF00E5902A /* AddReservationViewController.h */ = {isa = PBXFileReference; fileEncoding = 4; lastKnownFileType = sourcecode.c.h; path = AddReservationViewController.h; sourceTree = "<group>"; };
		79CEF0281A8ABBAF00E5902A /* AddReservationViewController.m */ = {isa = PBXFileReference; fileEncoding = 4; lastKnownFileType = sourcecode.c.objc; path = AddReservationViewController.m; sourceTree = "<group>"; };
		79CEF02A1A8AE4BA00E5902A /* FindAvailabilityViewController.h */ = {isa = PBXFileReference; fileEncoding = 4; lastKnownFileType = sourcecode.c.h; path = FindAvailabilityViewController.h; sourceTree = "<group>"; };
		79CEF02B1A8AE4BA00E5902A /* FindAvailabilityViewController.m */ = {isa = PBXFileReference; fileEncoding = 4; lastKnownFileType = sourcecode.c.objc; path = FindAvailabilityViewController.m; sourceTree = "<group>"; };
		79CEF02D1A8C0DD600E5902A /* Room.h */ = {isa = PBXFileReference; fileEncoding = 4; lastKnownFileType = sourcecode.c.h; path = Room.h; sourceTree = "<group>"; };
		79CEF02E1A8C0DD600E5902A /* Room.m */ = {isa = PBXFileReference; fileEncoding = 4; lastKnownFileType = sourcecode.c.objc; path = Room.m; sourceTree = "<group>"; };
		79CEF0301A8C0DD600E5902A /* Hotel.h */ = {isa = PBXFileReference; fileEncoding = 4; lastKnownFileType = sourcecode.c.h; path = Hotel.h; sourceTree = "<group>"; };
		79CEF0311A8C0DD600E5902A /* Hotel.m */ = {isa = PBXFileReference; fileEncoding = 4; lastKnownFileType = sourcecode.c.objc; path = Hotel.m; sourceTree = "<group>"; };
		79CEF0331A8C0DD600E5902A /* Reservation.h */ = {isa = PBXFileReference; fileEncoding = 4; lastKnownFileType = sourcecode.c.h; path = Reservation.h; sourceTree = "<group>"; };
		79CEF0341A8C0DD600E5902A /* Reservation.m */ = {isa = PBXFileReference; fileEncoding = 4; lastKnownFileType = sourcecode.c.objc; path = Reservation.m; sourceTree = "<group>"; };
		79CEF0361A8C0DD600E5902A /* Guest.h */ = {isa = PBXFileReference; fileEncoding = 4; lastKnownFileType = sourcecode.c.h; path = Guest.h; sourceTree = "<group>"; };
		79CEF0371A8C0DD600E5902A /* Guest.m */ = {isa = PBXFileReference; fileEncoding = 4; lastKnownFileType = sourcecode.c.objc; path = Guest.m; sourceTree = "<group>"; };
		79CEF0391A8C1C4600E5902A /* ReservationListViewController.h */ = {isa = PBXFileReference; fileEncoding = 4; lastKnownFileType = sourcecode.c.h; path = ReservationListViewController.h; sourceTree = "<group>"; };
		79CEF03A1A8C1C4600E5902A /* ReservationListViewController.m */ = {isa = PBXFileReference; fileEncoding = 4; lastKnownFileType = sourcecode.c.objc; path = ReservationListViewController.m; sourceTree = "<group>"; };
		79CEF03C1A8C1D7400E5902A /* HotelService.h */ = {isa = PBXFileReference; fileEncoding = 4; lastKnownFileType = sourcecode.c.h; path = HotelService.h; sourceTree = "<group>"; };
		79CEF03D1A8C1D7400E5902A /* HotelService.m */ = {isa = PBXFileReference; fileEncoding = 4; lastKnownFileType = sourcecode.c.objc; path = HotelService.m; sourceTree = "<group>"; };
		79CEF0421A8C2B4100E5902A /* CoreDataStack.h */ = {isa = PBXFileReference; fileEncoding = 4; lastKnownFileType = sourcecode.c.h; path = CoreDataStack.h; sourceTree = "<group>"; };
		79CEF0431A8C2B4100E5902A /* CoreDataStack.m */ = {isa = PBXFileReference; fileEncoding = 4; lastKnownFileType = sourcecode.c.objc; path = CoreDataStack.m; sourceTree = "<group>"; };
		79DE0E441A8D615400D60002 /* Bucket.h */ = {isa = PBXFileReference; fileEncoding = 4; lastKnownFileType = sourcecode.c.h; path = Bucket.h; sourceTree = "<group>"; };
		79DE0E451A8D615400D60002 /* Bucket.m */ = {isa = PBXFileReference; fileEncoding = 4; lastKnownFileType = sourcecode.c.objc; path = Bucket.m; sourceTree = "<group>"; };
		79DE0E471A8D62ED00D60002 /* HashTable.h */ = {isa = PBXFileReference; fileEncoding = 4; lastKnownFileType = sourcecode.c.h; path = HashTable.h; sourceTree = "<group>"; };
		79DE0E481A8D62ED00D60002 /* HashTable.m */ = {isa = PBXFileReference; fileEncoding = 4; lastKnownFileType = sourcecode.c.objc; path = HashTable.m; sourceTree = "<group>"; };
		79DE0E4A1A8DCD2D00D60002 /* HotelServiceTests.m */ = {isa = PBXFileReference; fileEncoding = 4; lastKnownFileType = sourcecode.c.objc; path = HotelServiceTests.m; sourceTree = "<group>"; };
		79DE0E4C1A901C3700D60002 /* ShowAvailabilityViewController.h */ = {isa = PBXFileReference; fileEncoding = 4; lastKnownFileType = sourcecode.c.h; path = ShowAvailabilityViewController.h; sourceTree = "<group>"; };
		79DE0E4D1A901C3700D60002 /* ShowAvailabilityViewController.m */ = {isa = PBXFileReference; fileEncoding = 4; lastKnownFileType = sourcecode.c.objc; path = ShowAvailabilityViewController.m; sourceTree = "<group>"; };
/* End PBXFileReference section */

/* Begin PBXFrameworksBuildPhase section */
		79CEEFCD1A8928E600E5902A /* Frameworks */ = {
			isa = PBXFrameworksBuildPhase;
			buildActionMask = 2147483647;
			files = (
			);
			runOnlyForDeploymentPostprocessing = 0;
		};
		79CEEFE91A8928E600E5902A /* Frameworks */ = {
			isa = PBXFrameworksBuildPhase;
			buildActionMask = 2147483647;
			files = (
			);
			runOnlyForDeploymentPostprocessing = 0;
		};
/* End PBXFrameworksBuildPhase section */

/* Begin PBXGroup section */
		79CEEFC71A8928E600E5902A = {
			isa = PBXGroup;
			children = (
				79CEEFD21A8928E600E5902A /* HotelCoreData */,
				79CEEFEF1A8928E600E5902A /* HotelCoreDataTests */,
				79CEEFD11A8928E600E5902A /* Products */,
			);
			sourceTree = "<group>";
		};
		79CEEFD11A8928E600E5902A /* Products */ = {
			isa = PBXGroup;
			children = (
				79CEEFD01A8928E600E5902A /* HotelCoreData.app */,
				79CEEFEC1A8928E600E5902A /* HotelCoreDataTests.xctest */,
			);
			name = Products;
			sourceTree = "<group>";
		};
		79CEEFD21A8928E600E5902A /* HotelCoreData */ = {
			isa = PBXGroup;
			children = (
				79CEF01D1A897DBA00E5902A /* Controller */,
				79CEF01C1A897DB300E5902A /* View */,
				79CEF01B1A897DAD00E5902A /* Model */,
				79CEEFD71A8928E600E5902A /* AppDelegate.h */,
				79CEEFD81A8928E600E5902A /* AppDelegate.m */,
				79CEEFE31A8928E600E5902A /* Images.xcassets */,
				79CEEFE51A8928E600E5902A /* LaunchScreen.xib */,
				79CEEFDA1A8928E600E5902A /* HotelCoreData.xcdatamodeld */,
				79CEF0361A8C0DD600E5902A /* Guest.h */,
				79CEF0371A8C0DD600E5902A /* Guest.m */,
				79CEF0331A8C0DD600E5902A /* Reservation.h */,
				79CEF0341A8C0DD600E5902A /* Reservation.m */,
				79CEF0301A8C0DD600E5902A /* Hotel.h */,
				79CEF0311A8C0DD600E5902A /* Hotel.m */,
				79CEF02D1A8C0DD600E5902A /* Room.h */,
				79CEF02E1A8C0DD600E5902A /* Room.m */,
				79CEEFD31A8928E600E5902A /* Supporting Files */,
			);
			path = HotelCoreData;
			sourceTree = "<group>";
		};
		79CEEFD31A8928E600E5902A /* Supporting Files */ = {
			isa = PBXGroup;
			children = (
				79CEF0131A8978A700E5902A /* seed.json */,
				79CEEFD41A8928E600E5902A /* Info.plist */,
				79CEEFD51A8928E600E5902A /* main.m */,
			);
			name = "Supporting Files";
			sourceTree = "<group>";
		};
		79CEEFEF1A8928E600E5902A /* HotelCoreDataTests */ = {
			isa = PBXGroup;
			children = (
				79CEEFF21A8928E600E5902A /* HotelCoreDataTests.m */,
				79DE0E4A1A8DCD2D00D60002 /* HotelServiceTests.m */,
				79CEEFF01A8928E600E5902A /* Supporting Files */,
			);
			path = HotelCoreDataTests;
			sourceTree = "<group>";
		};
		79CEEFF01A8928E600E5902A /* Supporting Files */ = {
			isa = PBXGroup;
			children = (
				79CEEFF11A8928E600E5902A /* Info.plist */,
			);
			name = "Supporting Files";
			sourceTree = "<group>";
		};
		79CEF01B1A897DAD00E5902A /* Model */ = {
			isa = PBXGroup;
			children = (
			);
			name = Model;
			sourceTree = "<group>";
		};
		79CEF01C1A897DB300E5902A /* View */ = {
			isa = PBXGroup;
			children = (
				79CEF00E1A89712C00E5902A /* HotelTableViewCell.h */,
				79CEF00F1A89712C00E5902A /* HotelTableViewCell.m */,
				7954387C1A90395700255A7F /* ShowAvailRoomTableViewCell.h */,
				7954387D1A90395700255A7F /* ShowAvailRoomTableViewCell.m */,
				79CEF0181A897D9600E5902A /* RoomTableViewCell.h */,
				79CEF0191A897D9600E5902A /* RoomTableViewCell.m */,
				79CEEFE01A8928E600E5902A /* Main.storyboard */,
			);
			name = View;
			sourceTree = "<group>";
		};
		79CEF01D1A897DBA00E5902A /* Controller */ = {
			isa = PBXGroup;
			children = (
				79CEF00B1A8958EC00E5902A /* HotelListViewController.h */,
				79CEF00C1A8958EC00E5902A /* HotelListViewController.m */,
				79CEF0151A897CFE00E5902A /* RoomsViewController.h */,
				79CEF0161A897CFE00E5902A /* RoomsViewController.m */,
				79CEF0271A8ABBAF00E5902A /* AddReservationViewController.h */,
				79CEF0281A8ABBAF00E5902A /* AddReservationViewController.m */,
				79CEF02A1A8AE4BA00E5902A /* FindAvailabilityViewController.h */,
				79CEF02B1A8AE4BA00E5902A /* FindAvailabilityViewController.m */,
				79DE0E4C1A901C3700D60002 /* ShowAvailabilityViewController.h */,
				79DE0E4D1A901C3700D60002 /* ShowAvailabilityViewController.m */,
				79DE0E441A8D615400D60002 /* Bucket.h */,
				79DE0E451A8D615400D60002 /* Bucket.m */,
				79DE0E471A8D62ED00D60002 /* HashTable.h */,
				79DE0E481A8D62ED00D60002 /* HashTable.m */,
				79CEF0391A8C1C4600E5902A /* ReservationListViewController.h */,
				79CEF03A1A8C1C4600E5902A /* ReservationListViewController.m */,
				79CEF03C1A8C1D7400E5902A /* HotelService.h */,
				79CEF03D1A8C1D7400E5902A /* HotelService.m */,
				79CEF0421A8C2B4100E5902A /* CoreDataStack.h */,
				79CEF0431A8C2B4100E5902A /* CoreDataStack.m */,
			);
			name = Controller;
			sourceTree = "<group>";
		};
/* End PBXGroup section */

/* Begin PBXNativeTarget section */
		79CEEFCF1A8928E600E5902A /* HotelCoreData */ = {
			isa = PBXNativeTarget;
			buildConfigurationList = 79CEEFF61A8928E600E5902A /* Build configuration list for PBXNativeTarget "HotelCoreData" */;
			buildPhases = (
				79CEEFCC1A8928E600E5902A /* Sources */,
				79CEEFCD1A8928E600E5902A /* Frameworks */,
				79CEEFCE1A8928E600E5902A /* Resources */,
			);
			buildRules = (
			);
			dependencies = (
			);
			name = HotelCoreData;
			productName = HotelCoreData;
			productReference = 79CEEFD01A8928E600E5902A /* HotelCoreData.app */;
			productType = "com.apple.product-type.application";
		};
		79CEEFEB1A8928E600E5902A /* HotelCoreDataTests */ = {
			isa = PBXNativeTarget;
			buildConfigurationList = 79CEEFF91A8928E600E5902A /* Build configuration list for PBXNativeTarget "HotelCoreDataTests" */;
			buildPhases = (
				79CEEFE81A8928E600E5902A /* Sources */,
				79CEEFE91A8928E600E5902A /* Frameworks */,
				79CEEFEA1A8928E600E5902A /* Resources */,
			);
			buildRules = (
			);
			dependencies = (
				79CEEFEE1A8928E600E5902A /* PBXTargetDependency */,
			);
			name = HotelCoreDataTests;
			productName = HotelCoreDataTests;
			productReference = 79CEEFEC1A8928E600E5902A /* HotelCoreDataTests.xctest */;
			productType = "com.apple.product-type.bundle.unit-test";
		};
/* End PBXNativeTarget section */

/* Begin PBXProject section */
		79CEEFC81A8928E600E5902A /* Project object */ = {
			isa = PBXProject;
			attributes = {
				LastUpgradeCheck = 0610;
				ORGANIZATIONNAME = "Up Early, LLC";
				TargetAttributes = {
					79CEEFCF1A8928E600E5902A = {
						CreatedOnToolsVersion = 6.1.1;
					};
					79CEEFEB1A8928E600E5902A = {
						CreatedOnToolsVersion = 6.1.1;
						TestTargetID = 79CEEFCF1A8928E600E5902A;
					};
				};
			};
			buildConfigurationList = 79CEEFCB1A8928E600E5902A /* Build configuration list for PBXProject "HotelCoreData" */;
			compatibilityVersion = "Xcode 3.2";
			developmentRegion = English;
			hasScannedForEncodings = 0;
			knownRegions = (
				en,
				Base,
			);
			mainGroup = 79CEEFC71A8928E600E5902A;
			productRefGroup = 79CEEFD11A8928E600E5902A /* Products */;
			projectDirPath = "";
			projectRoot = "";
			targets = (
				79CEEFCF1A8928E600E5902A /* HotelCoreData */,
				79CEEFEB1A8928E600E5902A /* HotelCoreDataTests */,
			);
		};
/* End PBXProject section */

/* Begin PBXResourcesBuildPhase section */
		79CEEFCE1A8928E600E5902A /* Resources */ = {
			isa = PBXResourcesBuildPhase;
			buildActionMask = 2147483647;
			files = (
				79CEEFE21A8928E600E5902A /* Main.storyboard in Resources */,
				79CEEFE71A8928E600E5902A /* LaunchScreen.xib in Resources */,
				79CEF0141A8978A700E5902A /* seed.json in Resources */,
				79CEEFE41A8928E600E5902A /* Images.xcassets in Resources */,
			);
			runOnlyForDeploymentPostprocessing = 0;
		};
		79CEEFEA1A8928E600E5902A /* Resources */ = {
			isa = PBXResourcesBuildPhase;
			buildActionMask = 2147483647;
			files = (
			);
			runOnlyForDeploymentPostprocessing = 0;
		};
/* End PBXResourcesBuildPhase section */

/* Begin PBXSourcesBuildPhase section */
		79CEEFCC1A8928E600E5902A /* Sources */ = {
			isa = PBXSourcesBuildPhase;
			buildActionMask = 2147483647;
			files = (
				79CEF02F1A8C0DD600E5902A /* Room.m in Sources */,
				79CEF01A1A897D9600E5902A /* RoomTableViewCell.m in Sources */,
				79CEF0291A8ABBAF00E5902A /* AddReservationViewController.m in Sources */,
				79CEF03B1A8C1C4600E5902A /* ReservationListViewController.m in Sources */,
				79CEEFDC1A8928E600E5902A /* HotelCoreData.xcdatamodeld in Sources */,
				79CEF0321A8C0DD600E5902A /* Hotel.m in Sources */,
				79DE0E491A8D62ED00D60002 /* HashTable.m in Sources */,
				79CEEFD91A8928E600E5902A /* AppDelegate.m in Sources */,
				79DE0E4E1A901C3700D60002 /* ShowAvailabilityViewController.m in Sources */,
				7954387E1A90395700255A7F /* ShowAvailRoomTableViewCell.m in Sources */,
				79CEF03E1A8C1D7400E5902A /* HotelService.m in Sources */,
				79CEF0351A8C0DD600E5902A /* Reservation.m in Sources */,
				79CEF0101A89712C00E5902A /* HotelTableViewCell.m in Sources */,
				79CEF0171A897CFE00E5902A /* RoomsViewController.m in Sources */,
				79CEF02C1A8AE4BA00E5902A /* FindAvailabilityViewController.m in Sources */,
				79CEF0381A8C0DD600E5902A /* Guest.m in Sources */,
				79CEF0441A8C2B4100E5902A /* CoreDataStack.m in Sources */,
				79CEEFD61A8928E600E5902A /* main.m in Sources */,
				79DE0E461A8D615400D60002 /* Bucket.m in Sources */,
				79CEF00D1A8958EC00E5902A /* HotelListViewController.m in Sources */,
			);
			runOnlyForDeploymentPostprocessing = 0;
		};
		79CEEFE81A8928E600E5902A /* Sources */ = {
			isa = PBXSourcesBuildPhase;
			buildActionMask = 2147483647;
			files = (
				79DE0E4B1A8DCD2D00D60002 /* HotelServiceTests.m in Sources */,
				79CEEFF31A8928E600E5902A /* HotelCoreDataTests.m in Sources */,
			);
			runOnlyForDeploymentPostprocessing = 0;
		};
/* End PBXSourcesBuildPhase section */

/* Begin PBXTargetDependency section */
		79CEEFEE1A8928E600E5902A /* PBXTargetDependency */ = {
			isa = PBXTargetDependency;
			target = 79CEEFCF1A8928E600E5902A /* HotelCoreData */;
			targetProxy = 79CEEFED1A8928E600E5902A /* PBXContainerItemProxy */;
		};
/* End PBXTargetDependency section */

/* Begin PBXVariantGroup section */
		79CEEFE01A8928E600E5902A /* Main.storyboard */ = {
			isa = PBXVariantGroup;
			children = (
				79CEEFE11A8928E600E5902A /* Base */,
			);
			name = Main.storyboard;
			sourceTree = "<group>";
		};
		79CEEFE51A8928E600E5902A /* LaunchScreen.xib */ = {
			isa = PBXVariantGroup;
			children = (
				79CEEFE61A8928E600E5902A /* Base */,
			);
			name = LaunchScreen.xib;
			sourceTree = "<group>";
		};
/* End PBXVariantGroup section */

/* Begin XCBuildConfiguration section */
		79CEEFF41A8928E600E5902A /* Debug */ = {
			isa = XCBuildConfiguration;
			buildSettings = {
				ALWAYS_SEARCH_USER_PATHS = NO;
				CLANG_CXX_LANGUAGE_STANDARD = "gnu++0x";
				CLANG_CXX_LIBRARY = "libc++";
				CLANG_ENABLE_MODULES = YES;
				CLANG_ENABLE_OBJC_ARC = YES;
				CLANG_WARN_BOOL_CONVERSION = YES;
				CLANG_WARN_CONSTANT_CONVERSION = YES;
				CLANG_WARN_DIRECT_OBJC_ISA_USAGE = YES_ERROR;
				CLANG_WARN_EMPTY_BODY = YES;
				CLANG_WARN_ENUM_CONVERSION = YES;
				CLANG_WARN_INT_CONVERSION = YES;
				CLANG_WARN_OBJC_ROOT_CLASS = YES_ERROR;
				CLANG_WARN_UNREACHABLE_CODE = YES;
				CLANG_WARN__DUPLICATE_METHOD_MATCH = YES;
				"CODE_SIGN_IDENTITY[sdk=iphoneos*]" = "iPhone Developer";
				COPY_PHASE_STRIP = NO;
				ENABLE_STRICT_OBJC_MSGSEND = YES;
				GCC_C_LANGUAGE_STANDARD = gnu99;
				GCC_DYNAMIC_NO_PIC = NO;
				GCC_OPTIMIZATION_LEVEL = 0;
				GCC_PREPROCESSOR_DEFINITIONS = (
					"DEBUG=1",
					"$(inherited)",
				);
				GCC_SYMBOLS_PRIVATE_EXTERN = NO;
				GCC_WARN_64_TO_32_BIT_CONVERSION = YES;
				GCC_WARN_ABOUT_RETURN_TYPE = YES_ERROR;
				GCC_WARN_UNDECLARED_SELECTOR = YES;
				GCC_WARN_UNINITIALIZED_AUTOS = YES_AGGRESSIVE;
				GCC_WARN_UNUSED_FUNCTION = YES;
				GCC_WARN_UNUSED_VARIABLE = YES;
				IPHONEOS_DEPLOYMENT_TARGET = 8.1;
				MTL_ENABLE_DEBUG_INFO = YES;
				ONLY_ACTIVE_ARCH = YES;
				SDKROOT = iphoneos;
			};
			name = Debug;
		};
		79CEEFF51A8928E600E5902A /* Release */ = {
			isa = XCBuildConfiguration;
			buildSettings = {
				ALWAYS_SEARCH_USER_PATHS = NO;
				CLANG_CXX_LANGUAGE_STANDARD = "gnu++0x";
				CLANG_CXX_LIBRARY = "libc++";
				CLANG_ENABLE_MODULES = YES;
				CLANG_ENABLE_OBJC_ARC = YES;
				CLANG_WARN_BOOL_CONVERSION = YES;
				CLANG_WARN_CONSTANT_CONVERSION = YES;
				CLANG_WARN_DIRECT_OBJC_ISA_USAGE = YES_ERROR;
				CLANG_WARN_EMPTY_BODY = YES;
				CLANG_WARN_ENUM_CONVERSION = YES;
				CLANG_WARN_INT_CONVERSION = YES;
				CLANG_WARN_OBJC_ROOT_CLASS = YES_ERROR;
				CLANG_WARN_UNREACHABLE_CODE = YES;
				CLANG_WARN__DUPLICATE_METHOD_MATCH = YES;
				"CODE_SIGN_IDENTITY[sdk=iphoneos*]" = "iPhone Developer";
				COPY_PHASE_STRIP = YES;
				ENABLE_NS_ASSERTIONS = NO;
				ENABLE_STRICT_OBJC_MSGSEND = YES;
				GCC_C_LANGUAGE_STANDARD = gnu99;
				GCC_WARN_64_TO_32_BIT_CONVERSION = YES;
				GCC_WARN_ABOUT_RETURN_TYPE = YES_ERROR;
				GCC_WARN_UNDECLARED_SELECTOR = YES;
				GCC_WARN_UNINITIALIZED_AUTOS = YES_AGGRESSIVE;
				GCC_WARN_UNUSED_FUNCTION = YES;
				GCC_WARN_UNUSED_VARIABLE = YES;
				IPHONEOS_DEPLOYMENT_TARGET = 8.1;
				MTL_ENABLE_DEBUG_INFO = NO;
				SDKROOT = iphoneos;
				VALIDATE_PRODUCT = YES;
			};
			name = Release;
		};
		79CEEFF71A8928E600E5902A /* Debug */ = {
			isa = XCBuildConfiguration;
			buildSettings = {
				ASSETCATALOG_COMPILER_APPICON_NAME = AppIcon;
				INFOPLIST_FILE = HotelCoreData/Info.plist;
				LD_RUNPATH_SEARCH_PATHS = "$(inherited) @executable_path/Frameworks";
				PRODUCT_NAME = "$(TARGET_NAME)";
			};
			name = Debug;
		};
		79CEEFF81A8928E600E5902A /* Release */ = {
			isa = XCBuildConfiguration;
			buildSettings = {
				ASSETCATALOG_COMPILER_APPICON_NAME = AppIcon;
				INFOPLIST_FILE = HotelCoreData/Info.plist;
				LD_RUNPATH_SEARCH_PATHS = "$(inherited) @executable_path/Frameworks";
				PRODUCT_NAME = "$(TARGET_NAME)";
			};
			name = Release;
		};
		79CEEFFA1A8928E600E5902A /* Debug */ = {
			isa = XCBuildConfiguration;
			buildSettings = {
				BUNDLE_LOADER = "$(TEST_HOST)";
				FRAMEWORK_SEARCH_PATHS = (
					"$(SDKROOT)/Developer/Library/Frameworks",
					"$(inherited)",
				);
				GCC_PREPROCESSOR_DEFINITIONS = (
					"DEBUG=1",
					"$(inherited)",
				);
				INFOPLIST_FILE = HotelCoreDataTests/Info.plist;
				LD_RUNPATH_SEARCH_PATHS = "$(inherited) @executable_path/Frameworks @loader_path/Frameworks";
				PRODUCT_NAME = "$(TARGET_NAME)";
				TEST_HOST = "$(BUILT_PRODUCTS_DIR)/HotelCoreData.app/HotelCoreData";
			};
			name = Debug;
		};
		79CEEFFB1A8928E600E5902A /* Release */ = {
			isa = XCBuildConfiguration;
			buildSettings = {
				BUNDLE_LOADER = "$(TEST_HOST)";
				FRAMEWORK_SEARCH_PATHS = (
					"$(SDKROOT)/Developer/Library/Frameworks",
					"$(inherited)",
				);
				INFOPLIST_FILE = HotelCoreDataTests/Info.plist;
				LD_RUNPATH_SEARCH_PATHS = "$(inherited) @executable_path/Frameworks @loader_path/Frameworks";
				PRODUCT_NAME = "$(TARGET_NAME)";
				TEST_HOST = "$(BUILT_PRODUCTS_DIR)/HotelCoreData.app/HotelCoreData";
			};
			name = Release;
		};
/* End XCBuildConfiguration section */

/* Begin XCConfigurationList section */
		79CEEFCB1A8928E600E5902A /* Build configuration list for PBXProject "HotelCoreData" */ = {
			isa = XCConfigurationList;
			buildConfigurations = (
				79CEEFF41A8928E600E5902A /* Debug */,
				79CEEFF51A8928E600E5902A /* Release */,
			);
			defaultConfigurationIsVisible = 0;
			defaultConfigurationName = Release;
		};
		79CEEFF61A8928E600E5902A /* Build configuration list for PBXNativeTarget "HotelCoreData" */ = {
			isa = XCConfigurationList;
			buildConfigurations = (
				79CEEFF71A8928E600E5902A /* Debug */,
				79CEEFF81A8928E600E5902A /* Release */,
			);
			defaultConfigurationIsVisible = 0;
			defaultConfigurationName = Release;
		};
		79CEEFF91A8928E600E5902A /* Build configuration list for PBXNativeTarget "HotelCoreDataTests" */ = {
			isa = XCConfigurationList;
			buildConfigurations = (
				79CEEFFA1A8928E600E5902A /* Debug */,
				79CEEFFB1A8928E600E5902A /* Release */,
			);
			defaultConfigurationIsVisible = 0;
			defaultConfigurationName = Release;
		};
/* End XCConfigurationList section */

/* Begin XCVersionGroup section */
		79CEEFDA1A8928E600E5902A /* HotelCoreData.xcdatamodeld */ = {
			isa = XCVersionGroup;
			children = (
				79CEEFDB1A8928E600E5902A /* HotelCoreData.xcdatamodel */,
			);
			currentVersion = 79CEEFDB1A8928E600E5902A /* HotelCoreData.xcdatamodel */;
			path = HotelCoreData.xcdatamodeld;
			sourceTree = "<group>";
			versionGroupType = wrapper.xcdatamodel;
		};
/* End XCVersionGroup section */
	};
	rootObject = 79CEEFC81A8928E600E5902A /* Project object */;
}
